
Microsoft Visual Studio Solution File, Format Version 12.00
# Visual Studio Version 16
VisualStudioVersion = 16.0.30413.136
MinimumVisualStudioVersion = 10.0.40219.1
Project("{9A19103F-16F7-4668-BE54-9A1E7A4F7556}") = "oblig1", "oblig1-1\oblig1.csproj", "{2F5F3429-E137-4933-A233-9B4B789AE2C3}"
EndProject
Project("{9A19103F-16F7-4668-BE54-9A1E7A4F7556}") = "XUnitTestOblig", "XUnitTestOblig\XUnitTestOblig.csproj", "{36618D2A-E3D6-4950-A1FE-2519F69C2614}"
EndProject
Global
	GlobalSection(SolutionConfigurationPlatforms) = preSolution
		Debug|Any CPU = Debug|Any CPU
		Release|Any CPU = Release|Any CPU
	EndGlobalSection
	GlobalSection(ProjectConfigurationPlatforms) = postSolution
		{2F5F3429-E137-4933-A233-9B4B789AE2C3}.Debug|Any CPU.ActiveCfg = Debug|Any CPU
		{2F5F3429-E137-4933-A233-9B4B789AE2C3}.Debug|Any CPU.Build.0 = Debug|Any CPU
		{2F5F3429-E137-4933-A233-9B4B789AE2C3}.Release|Any CPU.ActiveCfg = Release|Any CPU
		{2F5F3429-E137-4933-A233-9B4B789AE2C3}.Release|Any CPU.Build.0 = Release|Any CPU
		{36618D2A-E3D6-4950-A1FE-2519F69C2614}.Debug|Any CPU.ActiveCfg = Debug|Any CPU
		{36618D2A-E3D6-4950-A1FE-2519F69C2614}.Debug|Any CPU.Build.0 = Debug|Any CPU
		{36618D2A-E3D6-4950-A1FE-2519F69C2614}.Release|Any CPU.ActiveCfg = Release|Any CPU
		{36618D2A-E3D6-4950-A1FE-2519F69C2614}.Release|Any CPU.Build.0 = Release|Any CPU
	EndGlobalSection
	GlobalSection(SolutionProperties) = preSolution
		HideSolutionNode = FALSE
	EndGlobalSection
	GlobalSection(ExtensibilityGlobals) = postSolution
		SolutionGuid = {92F7E0D2-4B5C-46D3-8554-C7EBBD5F1D9D}
	EndGlobalSection
EndGlobal
